{
  "name": "scss",
  "version": "1.0.0",
  "lockfileVersion": 2,
  "requires": true,
  "packages": {
    "": {
      "name": "scss",
      "version": "1.0.0",
      "license": "ISC",
      "dependencies": {
        "mazorca-core": "1.6.2"
      }
    },
    "node_modules/mazorca-core": {
      "version": "1.6.2",
      "resolved": "https://registry.npmjs.org/mazorca-core/-/mazorca-core-1.6.2.tgz",
      "integrity": "sha1-uZ5Gxpn4KvVeReVjkTghsx0duDg=",
      "dependencies": {
        "ncp": "^2.0.0"
      },
      "bin": {
        "mazorca": "bin/mazorca.js"
      }
    },
    "node_modules/ncp": {
      "version": "2.0.0",
      "resolved": "http://registry.npmjs.org/ncp/-/ncp-2.0.0.tgz",
      "integrity": "sha1-GVoh1sRuNh0vsSgbo4uR6d9727M=",
      "bin": {
        "ncp": "bin/ncp"
      }
    }
  },
  "dependencies": {
    "mazorca-core": {
      "version": "1.6.2",
      "resolved": "https://registry.npmjs.org/mazorca-core/-/mazorca-core-1.6.2.tgz",
      "integrity": "sha1-uZ5Gxpn4KvVeReVjkTghsx0duDg=",
      "requires": {
        "ncp": "^2.0.0"
      }
    },
    "ncp": {
      "version": "2.0.0",
      "resolved": "http://registry.npmjs.org/ncp/-/ncp-2.0.0.tgz",
      "integrity": "sha1-GVoh1sRuNh0vsSgbo4uR6d9727M="
    }
  }
}
